# THIS IS AN AUTOGENERATED FILE. DO NOT EDIT THIS FILE DIRECTLY.
# yarn lockfile v1


mock-fs@^4.10.4:
  version "4.10.4"
  resolved "https://registry.yarnpkg.com/mock-fs/-/mock-fs-4.10.4.tgz#4eaa3d6f7da2f44e1f3dd6b462cbbcb7b082e3d4"
  integrity sha512-gDfZDLaPIvtOusbusLinfx6YSe2YpQsDT8qdP41P47dQ/NQggtkHukz7hwqgt8QvMBmAv+Z6DGmXPyb5BWX2nQ==
